<?xml version="1.0" encoding="utf-8"?>
<Project ToolsVersion="4.0" xmlns="http://schemas.microsoft.com/developer/msbuild/2003">
  <ItemGroup>
    <Filter Include="Resource Files">
      <UniqueIdentifier>{67DA6AB6-F800-4c08-8B7A-83BB121AAD01}</UniqueIdentifier>
      <Extensions>rc;ico;cur;bmp;dlg;rc2;rct;bin;rgs;gif;jpg;jpeg;jpe;resx;tiff;tif;png;wav;mfcribbon-ms</Extensions>
    </Filter>
    <Filter Include="Sources">
      <UniqueIdentifier>{93995380-89BD-4b04-88EB-625FBE52EBFB}</UniqueIdentifier>
      <Extensions>h;hh;hpp;hxx;hm;inl;inc;xsd</Extensions>
    </Filter>
    <Filter Include="Sources\Kernel">
      <UniqueIdentifier>{e6d21491-b30c-4c5a-b26b-005dca8b10e1}</UniqueIdentifier>
    </Filter>
    <Filter Include="Sources\Kernel\Stages">
      <UniqueIdentifier>{483be998-35ca-40bf-967c-e2ae47725c16}</UniqueIdentifier>
    </Filter>
    <Filter Include="Sources\Kernel\Characters">
      <UniqueIdentifier>{f0d1ef4f-ab34-4874-b3b9-18a50b231a10}</UniqueIdentifier>
    </Filter>
    <Filter Include="Sources\Modules">
      <UniqueIdentifier>{f60c74b7-87b1-4077-b6de-c11bb9fff2bf}</UniqueIdentifier>
    </Filter>
    <Filter Include="Sources\Main">
      <UniqueIdentifier>{3badeecb-b78b-4d27-a6cb-02b2feca6a1b}</UniqueIdentifier>
    </Filter>
    <Filter Include="Sources\Utils">
      <UniqueIdentifier>{6116b62b-a833-496a-88e0-664732f68851}</UniqueIdentifier>
    </Filter>
  </ItemGroup>
  <ItemGroup>
    <ClInclude Include="SimpleIni.h">
      <Filter>Sources\Utils</Filter>
    </ClInclude>
    <ClInclude Include="Module.h">
      <Filter>Sources\Modules</Filter>
    </ClInclude>
    <ClInclude Include="Defines.h">
      <Filter>Sources\Utils</Filter>
    </ClInclude>
    <ClInclude Include="Point.h">
      <Filter>Sources\Utils</Filter>
    </ClInclude>
    <ClInclude Include="Sprite.h">
      <Filter>Sources\Kernel</Filter>
    </ClInclude>
    <ClInclude Include="Animation.h">
      <Filter>Sources\Kernel</Filter>
    </ClInclude>
    <ClInclude Include="ModuleRender.h">
      <Filter>Sources\Modules</Filter>
    </ClInclude>
    <ClInclude Include="Config.h">
      <Filter>Sources\Utils</Filter>
    </ClInclude>
    <ClInclude Include="Game.h">
      <Filter>Sources\Kernel</Filter>
    </ClInclude>
    <ClInclude Include="ModuleTextures.h">
      <Filter>Sources\Modules</Filter>
    </ClInclude>
    <ClInclude Include="ModuleAudio.h">
      <Filter>Sources\Modules</Filter>
    </ClInclude>
    <ClInclude Include="ModuleInput.h">
      <Filter>Sources\Modules</Filter>
    </ClInclude>
    <ClInclude Include="Stage.h">
      <Filter>Sources\Kernel\Stages</Filter>
    </ClInclude>
    <ClInclude Include="StageHonda.h">
      <Filter>Sources\Kernel\Stages</Filter>
    </ClInclude>
    <ClInclude Include="ModuleCommandManager.h">
      <Filter>Sources</Filter>
    </ClInclude>
  </ItemGroup>
  <ItemGroup>
    <ClCompile Include="Main.cpp">
      <Filter>Sources\Main</Filter>
    </ClCompile>
    <ClCompile Include="Config.cpp">
      <Filter>Sources\Utils</Filter>
    </ClCompile>
    <ClCompile Include="Log.cpp">
      <Filter>Sources\Utils</Filter>
    </ClCompile>
    <ClCompile Include="Animation.cpp">
      <Filter>Sources\Kernel</Filter>
    </ClCompile>
    <ClCompile Include="Game.cpp">
      <Filter>Sources\Kernel</Filter>
    </ClCompile>
    <ClCompile Include="Sprite.cpp">
      <Filter>Sources\Kernel</Filter>
    </ClCompile>
    <ClCompile Include="Module.cpp">
      <Filter>Sources\Modules</Filter>
    </ClCompile>
    <ClCompile Include="ModuleAudio.cpp">
      <Filter>Sources\Modules</Filter>
    </ClCompile>
    <ClCompile Include="ModuleInput.cpp">
      <Filter>Sources\Modules</Filter>
    </ClCompile>
    <ClCompile Include="ModuleRender.cpp">
      <Filter>Sources\Modules</Filter>
    </ClCompile>
    <ClCompile Include="ModuleTextures.cpp">
      <Filter>Sources\Modules</Filter>
    </ClCompile>
    <ClCompile Include="Stage.cpp">
      <Filter>Sources\Kernel\Stages</Filter>
    </ClCompile>
    <ClCompile Include="StageHonda.cpp">
      <Filter>Sources\Kernel\Stages</Filter>
    </ClCompile>
    <ClCompile Include="ModuleCommandManager.cpp" />
  </ItemGroup>
</Project>