<?xml version="1.0" encoding="utf-8"?>
<Project ToolsVersion="4.0" xmlns="http://schemas.microsoft.com/developer/msbuild/2003">
  <ItemGroup>
    <Filter Include="Resource Files">
      <UniqueIdentifier>{67DA6AB6-F800-4c08-8B7A-83BB121AAD01}</UniqueIdentifier>
      <Extensions>rc;ico;cur;bmp;dlg;rc2;rct;bin;rgs;gif;jpg;jpeg;jpe;resx;tiff;tif;png;wav;mfcribbon-ms</Extensions>
    </Filter>
    <Filter Include="Sources">
      <UniqueIdentifier>{21cf43ca-1243-4509-9921-cc3c598271d0}</UniqueIdentifier>
    </Filter>
    <Filter Include="Sources\Engine">
      <UniqueIdentifier>{acfa0713-0cec-41a5-a212-eefcf22c4cf6}</UniqueIdentifier>
    </Filter>
    <Filter Include="Sources\Engine\Config">
      <UniqueIdentifier>{99ed01d6-c79f-4aa4-b08f-30105eb137c7}</UniqueIdentifier>
    </Filter>
    <Filter Include="Sources\Engine\Main">
      <UniqueIdentifier>{3badeecb-b78b-4d27-a6cb-02b2feca6a1b}</UniqueIdentifier>
    </Filter>
    <Filter Include="Sources\Engine\Utils">
      <UniqueIdentifier>{6116b62b-a833-496a-88e0-664732f68851}</UniqueIdentifier>
    </Filter>
    <Filter Include="Sources\StreetFighter">
      <UniqueIdentifier>{e6d21491-b30c-4c5a-b26b-005dca8b10e1}</UniqueIdentifier>
    </Filter>
    <Filter Include="Sources\StreetFighter\Stages">
      <UniqueIdentifier>{483be998-35ca-40bf-967c-e2ae47725c16}</UniqueIdentifier>
    </Filter>
    <Filter Include="Sources\StreetFighter\Characters">
      <UniqueIdentifier>{f0d1ef4f-ab34-4874-b3b9-18a50b231a10}</UniqueIdentifier>
    </Filter>
    <Filter Include="Sources\StreetFighter\Particles">
      <UniqueIdentifier>{a8b70bab-304f-45ec-a670-005ba79e5143}</UniqueIdentifier>
    </Filter>
    <Filter Include="Sources\StreetFighter\Colliders">
      <UniqueIdentifier>{c9e62ca9-7da1-4eeb-ba63-bf8bc875c191}</UniqueIdentifier>
    </Filter>
    <Filter Include="Sources\StreetFighter\Input">
      <UniqueIdentifier>{eb980d90-ae14-4949-bca0-d878e86f6b44}</UniqueIdentifier>
    </Filter>
    <Filter Include="Sources\Engine\Services">
      <UniqueIdentifier>{febb3638-e2b6-439a-a369-395661b1ae23}</UniqueIdentifier>
    </Filter>
    <Filter Include="Sources\Engine\Services\Particles">
      <UniqueIdentifier>{daca4891-ff06-4fe9-8f41-d26533e30deb}</UniqueIdentifier>
    </Filter>
    <Filter Include="Sources\Engine\Services\Input">
      <UniqueIdentifier>{926617e8-c1ae-4b94-bbab-ccebd02b3857}</UniqueIdentifier>
    </Filter>
    <Filter Include="Sources\Engine\Services\Graphics">
      <UniqueIdentifier>{be9de2e1-4488-4964-99b5-8467e1cb0ba7}</UniqueIdentifier>
    </Filter>
    <Filter Include="Sources\Engine\Services\Colliders">
      <UniqueIdentifier>{5a756098-6ddf-4d27-92b5-793cc25751cf}</UniqueIdentifier>
    </Filter>
    <Filter Include="Sources\Engine\Services\Audio">
      <UniqueIdentifier>{8d7606a9-9f3a-4085-9a59-64a1a1946c59}</UniqueIdentifier>
    </Filter>
    <Filter Include="Sources\Engine\Services\Command">
      <UniqueIdentifier>{dec57514-ee6b-439f-b14a-674c9902c4d3}</UniqueIdentifier>
    </Filter>
    <Filter Include="Sources\StreetFighter\Scenes">
      <UniqueIdentifier>{49b31ca9-b9a5-448d-ac79-c5af357d8863}</UniqueIdentifier>
    </Filter>
    <Filter Include="Sources\StreetFighter\Characters\RyuKen">
      <UniqueIdentifier>{8b1dff68-1c70-4be8-a5ac-fa6d26a87401}</UniqueIdentifier>
    </Filter>
    <Filter Include="Sources\StreetFighter\Scenes\Match">
      <UniqueIdentifier>{f626a224-2f7b-4154-864e-69cc3c64023c}</UniqueIdentifier>
    </Filter>
    <Filter Include="Sources\StreetFighter\Scenes\Match\MatchStates">
      <UniqueIdentifier>{364a492b-32d2-49b8-babb-9d41914cd6ad}</UniqueIdentifier>
    </Filter>
    <Filter Include="Sources\Engine\Services\Time">
      <UniqueIdentifier>{089519cc-3b5d-4e31-9fd4-d01d29ac794d}</UniqueIdentifier>
    </Filter>
    <Filter Include="Sources\StreetFighter\Game">
      <UniqueIdentifier>{d86905cc-c8bc-4e26-a680-e28104bae6e2}</UniqueIdentifier>
    </Filter>
    <Filter Include="Sources\StreetFighter\Characters\RyuKen\RyuKenStates">
      <UniqueIdentifier>{c96253c7-2245-42ab-a0e5-9b7af3f446ca}</UniqueIdentifier>
    </Filter>
    <Filter Include="Sources\Engine\Services\Fade">
      <UniqueIdentifier>{f545d95f-7e60-43dd-970d-ee600e126907}</UniqueIdentifier>
    </Filter>
    <Filter Include="Sources\StreetFighter\Utils">
      <UniqueIdentifier>{256a84e5-ab43-4ef0-a39b-73fbdaf1a0f1}</UniqueIdentifier>
    </Filter>
    <Filter Include="Sources\StreetFighter\Scenes\Intro">
      <UniqueIdentifier>{cebdf5cb-533d-4f48-b1de-76a43b8e9890}</UniqueIdentifier>
    </Filter>
    <Filter Include="Sources\Engine\Services\Scene">
      <UniqueIdentifier>{7111dd05-ef2d-49e5-9cf0-c13dfd7b544d}</UniqueIdentifier>
    </Filter>
    <Filter Include="Sources\StreetFighter\Scenes\VS">
      <UniqueIdentifier>{b1e68766-0f44-4660-821f-6c3d3298592a}</UniqueIdentifier>
    </Filter>
    <Filter Include="Sources\StreetFighter\Stages\Honda">
      <UniqueIdentifier>{23536bee-7f05-4d5c-999e-195478823135}</UniqueIdentifier>
    </Filter>
    <Filter Include="Sources\StreetFighter\Stages\Ken">
      <UniqueIdentifier>{290d20bf-718f-4366-ae4c-b33efeeadec2}</UniqueIdentifier>
    </Filter>
    <Filter Include="Sources\StreetFighter\Stats">
      <UniqueIdentifier>{8db66efe-7e11-4a61-b5ef-8f3087b0a92d}</UniqueIdentifier>
    </Filter>
    <Filter Include="Sources\StreetFighter\Stages\Guile">
      <UniqueIdentifier>{dfaac4d3-d740-45ab-afd7-1c91d9357375}</UniqueIdentifier>
    </Filter>
  </ItemGroup>
  <ItemGroup>
    <ClInclude Include="SimpleIni.h">
      <Filter>Sources\Engine\Utils</Filter>
    </ClInclude>
    <ClInclude Include="Defines.h">
      <Filter>Sources\Engine\Utils</Filter>
    </ClInclude>
    <ClInclude Include="Point.h">
      <Filter>Sources\Engine\Utils</Filter>
    </ClInclude>
    <ClInclude Include="Stage.h">
      <Filter>Sources\StreetFighter\Stages</Filter>
    </ClInclude>
    <ClInclude Include="ParticleFactory.h">
      <Filter>Sources\StreetFighter\Particles</Filter>
    </ClInclude>
    <ClInclude Include="ParticleHaDoKen.h">
      <Filter>Sources\StreetFighter\Particles</Filter>
    </ClInclude>
    <ClInclude Include="Direction.h">
      <Filter>Sources\Engine\Utils</Filter>
    </ClInclude>
    <ClInclude Include="ServiceAudio.h">
      <Filter>Sources\Engine\Services\Audio</Filter>
    </ClInclude>
    <ClInclude Include="ServiceInput.h">
      <Filter>Sources\Engine\Services\Input</Filter>
    </ClInclude>
    <ClInclude Include="ServiceParticles.h">
      <Filter>Sources\Engine\Services\Particles</Filter>
    </ClInclude>
    <ClInclude Include="ServiceTextures.h">
      <Filter>Sources\Engine\Services\Graphics</Filter>
    </ClInclude>
    <ClInclude Include="ServiceRender.h">
      <Filter>Sources\Engine\Services\Graphics</Filter>
    </ClInclude>
    <ClInclude Include="IParticleFactory.h">
      <Filter>Sources\Engine\Services\Particles</Filter>
    </ClInclude>
    <ClInclude Include="Particle.h">
      <Filter>Sources\Engine\Services\Particles</Filter>
    </ClInclude>
    <ClInclude Include="Config.h">
      <Filter>Sources\Engine\Config</Filter>
    </ClInclude>
    <ClInclude Include="Game.h">
      <Filter>Sources\Engine\Main</Filter>
    </ClInclude>
    <ClInclude Include="Timer.h">
      <Filter>Sources\Engine\Utils</Filter>
    </ClInclude>
    <ClInclude Include="ICollitionListener.h">
      <Filter>Sources\Engine\Services\Colliders</Filter>
    </ClInclude>
    <ClInclude Include="Collider.h">
      <Filter>Sources\Engine\Services\Colliders</Filter>
    </ClInclude>
    <ClInclude Include="ServiceCollition.h">
      <Filter>Sources\Engine\Services\Colliders</Filter>
    </ClInclude>
    <ClInclude Include="Color.h">
      <Filter>Sources\Engine\Utils</Filter>
    </ClInclude>
    <ClInclude Include="Collition.h">
      <Filter>Sources\Engine\Services\Colliders</Filter>
    </ClInclude>
    <ClInclude Include="ColliderType.h">
      <Filter>Sources\StreetFighter\Colliders</Filter>
    </ClInclude>
    <ClInclude Include="CommandAction.h">
      <Filter>Sources\StreetFighter\Input</Filter>
    </ClInclude>
    <ClInclude Include="CommandState.h">
      <Filter>Sources\StreetFighter\Input</Filter>
    </ClInclude>
    <ClInclude Include="CommandContext.h">
      <Filter>Sources\Engine\Services\Command</Filter>
    </ClInclude>
    <ClInclude Include="CommandData.h">
      <Filter>Sources\Engine\Services\Command</Filter>
    </ClInclude>
    <ClInclude Include="ServiceCommandManager.h">
      <Filter>Sources\Engine\Services\Command</Filter>
    </ClInclude>
    <ClInclude Include="Service.h">
      <Filter>Sources\Engine\Services</Filter>
    </ClInclude>
    <ClInclude Include="ServicesManager.h">
      <Filter>Sources\Engine\Services</Filter>
    </ClInclude>
    <ClInclude Include="Entity.h">
      <Filter>Sources\Engine\Main</Filter>
    </ClInclude>
    <ClInclude Include="StageType.h">
      <Filter>Sources\StreetFighter\Stages</Filter>
    </ClInclude>
    <ClInclude Include="CharacterType.h">
      <Filter>Sources\StreetFighter\Characters</Filter>
    </ClInclude>
    <ClInclude Include="Character.h">
      <Filter>Sources\StreetFighter\Characters</Filter>
    </ClInclude>
    <ClInclude Include="CharacterFactory.h">
      <Filter>Sources\StreetFighter\Characters</Filter>
    </ClInclude>
    <ClInclude Include="MatchState.h">
      <Filter>Sources\StreetFighter\Scenes\Match\MatchStates</Filter>
    </ClInclude>
    <ClInclude Include="MatchStateFight.h">
      <Filter>Sources\StreetFighter\Scenes\Match\MatchStates</Filter>
    </ClInclude>
    <ClInclude Include="MatchStateFinish.h">
      <Filter>Sources\StreetFighter\Scenes\Match\MatchStates</Filter>
    </ClInclude>
    <ClInclude Include="MatchStateIntro.h">
      <Filter>Sources\StreetFighter\Scenes\Match\MatchStates</Filter>
    </ClInclude>
    <ClInclude Include="MatchStatePause.h">
      <Filter>Sources\StreetFighter\Scenes\Match\MatchStates</Filter>
    </ClInclude>
    <ClInclude Include="StageFactory.h">
      <Filter>Sources\StreetFighter\Stages</Filter>
    </ClInclude>
    <ClInclude Include="RyuKen.h">
      <Filter>Sources\StreetFighter\Characters\RyuKen</Filter>
    </ClInclude>
    <ClInclude Include="RyuKenState.h">
      <Filter>Sources\StreetFighter\Characters\RyuKen\RyuKenStates</Filter>
    </ClInclude>
    <ClInclude Include="RyuKenStateIdle.h">
      <Filter>Sources\StreetFighter\Characters\RyuKen\RyuKenStates</Filter>
    </ClInclude>
    <ClInclude Include="Animation.h">
      <Filter>Sources\Engine\Utils</Filter>
    </ClInclude>
    <ClInclude Include="Sprite.h">
      <Filter>Sources\Engine\Utils</Filter>
    </ClInclude>
    <ClInclude Include="AnimationColliderInfo.h">
      <Filter>Sources\Engine\Utils</Filter>
    </ClInclude>
    <ClInclude Include="Rect.h">
      <Filter>Sources\Engine\Utils</Filter>
    </ClInclude>
    <ClInclude Include="SceneMatch.h">
      <Filter>Sources\StreetFighter\Scenes\Match</Filter>
    </ClInclude>
    <ClInclude Include="SceneMatchInfo.h">
      <Filter>Sources\StreetFighter\Scenes\Match</Filter>
    </ClInclude>
    <ClInclude Include="SceneMatchGUI.h">
      <Filter>Sources\StreetFighter\Scenes\Match</Filter>
    </ClInclude>
    <ClInclude Include="AnimationCollider.h">
      <Filter>Sources\Engine\Utils</Filter>
    </ClInclude>
    <ClInclude Include="ServiceTime.h">
      <Filter>Sources\Engine\Services\Time</Filter>
    </ClInclude>
    <ClInclude Include="RyuKenStateAttack.h">
      <Filter>Sources\StreetFighter\Characters\RyuKen\RyuKenStates</Filter>
    </ClInclude>
    <ClInclude Include="SF2Game.h">
      <Filter>Sources\StreetFighter\Game</Filter>
    </ClInclude>
    <ClInclude Include="RyuKenStateCrouch.h">
      <Filter>Sources\StreetFighter\Characters\RyuKen\RyuKenStates</Filter>
    </ClInclude>
    <ClInclude Include="RyuKenStateJump.h">
      <Filter>Sources\StreetFighter\Characters\RyuKen\RyuKenStates</Filter>
    </ClInclude>
    <ClInclude Include="CharacterState.h">
      <Filter>Sources\StreetFighter\Characters</Filter>
    </ClInclude>
    <ClInclude Include="ParticleHit.h">
      <Filter>Sources\StreetFighter\Particles</Filter>
    </ClInclude>
    <ClInclude Include="RyuKenStateHit.h">
      <Filter>Sources\StreetFighter\Characters\RyuKen\RyuKenStates</Filter>
    </ClInclude>
    <ClInclude Include="ParticleInfo.h">
      <Filter>Sources\StreetFighter\Particles</Filter>
    </ClInclude>
    <ClInclude Include="ServiceFade.h">
      <Filter>Sources\Engine\Services\Fade</Filter>
    </ClInclude>
    <ClInclude Include="RyuKenStateWalk.h">
      <Filter>Sources\StreetFighter\Characters\RyuKen\RyuKenStates</Filter>
    </ClInclude>
    <ClInclude Include="RyuKenStateBlocking.h">
      <Filter>Sources\StreetFighter\Characters\RyuKen\RyuKenStates</Filter>
    </ClInclude>
    <ClInclude Include="RyuKenStateDiagonalJump.h">
      <Filter>Sources\StreetFighter\Characters\RyuKen\RyuKenStates</Filter>
    </ClInclude>
    <ClInclude Include="RyuKenStateAerialAttack.h">
      <Filter>Sources\StreetFighter\Characters\RyuKen\RyuKenStates</Filter>
    </ClInclude>
    <ClInclude Include="RyuKenStateAerialHit.h">
      <Filter>Sources\StreetFighter\Characters\RyuKen\RyuKenStates</Filter>
    </ClInclude>
    <ClInclude Include="AttackInfo.h">
      <Filter>Sources\StreetFighter\Utils</Filter>
    </ClInclude>
    <ClInclude Include="SpecialAction.h">
      <Filter>Sources\StreetFighter\Input</Filter>
    </ClInclude>
    <ClInclude Include="RyuKenSpecialAttack.h">
      <Filter>Sources\StreetFighter\Characters\RyuKen</Filter>
    </ClInclude>
    <ClInclude Include="CharacterSpecialAttack.h">
      <Filter>Sources\StreetFighter\Characters</Filter>
    </ClInclude>
    <ClInclude Include="ParticleAttack.h">
      <Filter>Sources\StreetFighter\Particles</Filter>
    </ClInclude>
    <ClInclude Include="RyuKenStateShoruyken.h">
      <Filter>Sources\StreetFighter\Characters\RyuKen\RyuKenStates</Filter>
    </ClInclude>
    <ClInclude Include="RyuKenStateKyaku.h">
      <Filter>Sources\StreetFighter\Characters\RyuKen\RyuKenStates</Filter>
    </ClInclude>
    <ClInclude Include="RyuKenStateHadoken.h">
      <Filter>Sources\StreetFighter\Characters\RyuKen\RyuKenStates</Filter>
    </ClInclude>
    <ClInclude Include="ParticleStunned.h">
      <Filter>Sources\StreetFighter\Particles</Filter>
    </ClInclude>
    <ClInclude Include="RyuKenStateKnockdown.h">
      <Filter>Sources\StreetFighter\Characters\RyuKen\RyuKenStates</Filter>
    </ClInclude>
    <ClInclude Include="RyuKenStateFinish.h">
      <Filter>Sources\StreetFighter\Characters\RyuKen\RyuKenStates</Filter>
    </ClInclude>
    <ClInclude Include="Scene.h">
      <Filter>Sources\Engine\Services\Scene</Filter>
    </ClInclude>
    <ClInclude Include="ServiceSceneManager.h">
      <Filter>Sources\Engine\Services\Scene</Filter>
    </ClInclude>
    <ClInclude Include="RyuKenStateStunned.h">
      <Filter>Sources\StreetFighter\Characters\RyuKen\RyuKenStates</Filter>
    </ClInclude>
    <ClInclude Include="SceneLicensed.h">
      <Filter>Sources\StreetFighter\Scenes\Intro</Filter>
    </ClInclude>
    <ClInclude Include="SceneCapcom.h">
      <Filter>Sources\StreetFighter\Scenes\Intro</Filter>
    </ClInclude>
    <ClInclude Include="SceneMainMenu.h">
      <Filter>Sources\StreetFighter\Scenes\Intro</Filter>
    </ClInclude>
    <ClInclude Include="Scene2PCharacterSelection.h">
      <Filter>Sources\StreetFighter\Scenes\VS</Filter>
    </ClInclude>
    <ClInclude Include="Scene2PHandicapAndStageSelection.h">
      <Filter>Sources\StreetFighter\Scenes\VS</Filter>
    </ClInclude>
    <ClInclude Include="Scene2PMatchResult.h">
      <Filter>Sources\StreetFighter\Scenes\VS</Filter>
    </ClInclude>
    <ClInclude Include="StageHonda.h">
      <Filter>Sources\StreetFighter\Stages\Honda</Filter>
    </ClInclude>
    <ClInclude Include="StageKen.h">
      <Filter>Sources\StreetFighter\Stages\Ken</Filter>
    </ClInclude>
    <ClInclude Include="CharacterStats.h">
      <Filter>Sources\StreetFighter\Stats</Filter>
    </ClInclude>
    <ClInclude Include="PlayerStats.h">
      <Filter>Sources\StreetFighter\Stats</Filter>
    </ClInclude>
    <ClInclude Include="SF2Stats.h">
      <Filter>Sources\StreetFighter\Stats</Filter>
    </ClInclude>
    <ClInclude Include="StageGuile.h">
      <Filter>Sources\StreetFighter\Stages\Guile</Filter>
    </ClInclude>
    <ClInclude Include="RyuKenStateBackRoll.h">
      <Filter>Sources\StreetFighter\Characters\RyuKen\RyuKenStates</Filter>
    </ClInclude>
    <ClInclude Include="RyuKenStateGrabbed.h">
      <Filter>Sources\StreetFighter\Characters\RyuKen\RyuKenStates</Filter>
    </ClInclude>
    <ClInclude Include="RyuKenStateShoulderToss.h">
      <Filter>Sources\StreetFighter\Characters\RyuKen\RyuKenStates</Filter>
    </ClInclude>
    <ClInclude Include="resource.h" />
  </ItemGroup>
  <ItemGroup>
    <ClCompile Include="Main.cpp">
      <Filter>Sources\Engine\Main</Filter>
    </ClCompile>
    <ClCompile Include="Log.cpp">
      <Filter>Sources\Engine\Utils</Filter>
    </ClCompile>
    <ClCompile Include="Stage.cpp">
      <Filter>Sources\StreetFighter\Stages</Filter>
    </ClCompile>
    <ClCompile Include="ParticleHaDoKen.cpp">
      <Filter>Sources\StreetFighter\Particles</Filter>
    </ClCompile>
    <ClCompile Include="ServiceAudio.cpp">
      <Filter>Sources\Engine\Services\Audio</Filter>
    </ClCompile>
    <ClCompile Include="ServiceInput.cpp">
      <Filter>Sources\Engine\Services\Input</Filter>
    </ClCompile>
    <ClCompile Include="ServiceParticles.cpp">
      <Filter>Sources\Engine\Services\Particles</Filter>
    </ClCompile>
    <ClCompile Include="ServiceRender.cpp">
      <Filter>Sources\Engine\Services\Graphics</Filter>
    </ClCompile>
    <ClCompile Include="ServiceTextures.cpp">
      <Filter>Sources\Engine\Services\Graphics</Filter>
    </ClCompile>
    <ClCompile Include="Particle.cpp">
      <Filter>Sources\Engine\Services\Particles</Filter>
    </ClCompile>
    <ClCompile Include="Config.cpp">
      <Filter>Sources\Engine\Config</Filter>
    </ClCompile>
    <ClCompile Include="Game.cpp">
      <Filter>Sources\Engine\Main</Filter>
    </ClCompile>
    <ClCompile Include="Timer.cpp">
      <Filter>Sources\Engine\Utils</Filter>
    </ClCompile>
    <ClCompile Include="Collider.cpp">
      <Filter>Sources\Engine\Services\Colliders</Filter>
    </ClCompile>
    <ClCompile Include="ServiceCollition.cpp">
      <Filter>Sources\Engine\Services\Colliders</Filter>
    </ClCompile>
    <ClCompile Include="Color.cpp">
      <Filter>Sources\Engine\Utils</Filter>
    </ClCompile>
    <ClCompile Include="ParticleFactory.cpp">
      <Filter>Sources\StreetFighter\Particles</Filter>
    </ClCompile>
    <ClCompile Include="Collition.cpp">
      <Filter>Sources\Engine\Services\Colliders</Filter>
    </ClCompile>
    <ClCompile Include="CommandContext.cpp">
      <Filter>Sources\Engine\Services\Command</Filter>
    </ClCompile>
    <ClCompile Include="ServiceCommandManager.cpp">
      <Filter>Sources\Engine\Services\Command</Filter>
    </ClCompile>
    <ClCompile Include="ServicesManager.cpp">
      <Filter>Sources\Engine\Services</Filter>
    </ClCompile>
    <ClCompile Include="Character.cpp">
      <Filter>Sources\StreetFighter\Characters</Filter>
    </ClCompile>
    <ClCompile Include="CharacterFactory.cpp">
      <Filter>Sources\StreetFighter\Characters</Filter>
    </ClCompile>
    <ClCompile Include="MatchStateFight.cpp">
      <Filter>Sources\StreetFighter\Scenes\Match\MatchStates</Filter>
    </ClCompile>
    <ClCompile Include="MatchStateFinish.cpp">
      <Filter>Sources\StreetFighter\Scenes\Match\MatchStates</Filter>
    </ClCompile>
    <ClCompile Include="MatchStateIntro.cpp">
      <Filter>Sources\StreetFighter\Scenes\Match\MatchStates</Filter>
    </ClCompile>
    <ClCompile Include="MatchStatePause.cpp">
      <Filter>Sources\StreetFighter\Scenes\Match\MatchStates</Filter>
    </ClCompile>
    <ClCompile Include="StageFactory.cpp">
      <Filter>Sources\StreetFighter\Stages</Filter>
    </ClCompile>
    <ClCompile Include="RyuKen.cpp">
      <Filter>Sources\StreetFighter\Characters\RyuKen</Filter>
    </ClCompile>
    <ClCompile Include="RyuKenState.cpp">
      <Filter>Sources\StreetFighter\Characters\RyuKen\RyuKenStates</Filter>
    </ClCompile>
    <ClCompile Include="RyuKenStateIdle.cpp">
      <Filter>Sources\StreetFighter\Characters\RyuKen\RyuKenStates</Filter>
    </ClCompile>
    <ClCompile Include="Animation.cpp">
      <Filter>Sources\Engine\Utils</Filter>
    </ClCompile>
    <ClCompile Include="Sprite.cpp">
      <Filter>Sources\Engine\Utils</Filter>
    </ClCompile>
    <ClCompile Include="AnimationColliderInfo.cpp">
      <Filter>Sources\Engine\Utils</Filter>
    </ClCompile>
    <ClCompile Include="SceneMatch.cpp">
      <Filter>Sources\StreetFighter\Scenes\Match</Filter>
    </ClCompile>
    <ClCompile Include="SceneMatchGUI.cpp">
      <Filter>Sources\StreetFighter\Scenes\Match</Filter>
    </ClCompile>
    <ClCompile Include="AnimationCollider.cpp">
      <Filter>Sources\Engine\Utils</Filter>
    </ClCompile>
    <ClCompile Include="ServiceTime.cpp">
      <Filter>Sources\Engine\Services\Time</Filter>
    </ClCompile>
    <ClCompile Include="SF2Game.cpp">
      <Filter>Sources\StreetFighter\Game</Filter>
    </ClCompile>
    <ClCompile Include="RyuKenStateAttack.cpp">
      <Filter>Sources\StreetFighter\Characters\RyuKen\RyuKenStates</Filter>
    </ClCompile>
    <ClCompile Include="RyuKenStateJump.cpp">
      <Filter>Sources\StreetFighter\Characters\RyuKen\RyuKenStates</Filter>
    </ClCompile>
    <ClCompile Include="ParticleHit.cpp">
      <Filter>Sources\StreetFighter\Particles</Filter>
    </ClCompile>
    <ClCompile Include="RyuKenStateHit.cpp">
      <Filter>Sources\StreetFighter\Characters\RyuKen\RyuKenStates</Filter>
    </ClCompile>
    <ClCompile Include="CharacterState.cpp">
      <Filter>Sources\StreetFighter\Characters</Filter>
    </ClCompile>
    <ClCompile Include="ServiceFade.cpp">
      <Filter>Sources\Engine\Services\Fade</Filter>
    </ClCompile>
    <ClCompile Include="RyuKenStateCrouch.cpp">
      <Filter>Sources\StreetFighter\Characters\RyuKen\RyuKenStates</Filter>
    </ClCompile>
    <ClCompile Include="RyuKenStateWalk.cpp">
      <Filter>Sources\StreetFighter\Characters\RyuKen\RyuKenStates</Filter>
    </ClCompile>
    <ClCompile Include="RyuKenStateBlocking.cpp">
      <Filter>Sources\StreetFighter\Characters\RyuKen\RyuKenStates</Filter>
    </ClCompile>
    <ClCompile Include="RyuKenStateDiagonalJump.cpp">
      <Filter>Sources\StreetFighter\Characters\RyuKen\RyuKenStates</Filter>
    </ClCompile>
    <ClCompile Include="RyuKenStateAerialAttack.cpp">
      <Filter>Sources\StreetFighter\Characters\RyuKen\RyuKenStates</Filter>
    </ClCompile>
    <ClCompile Include="RyuKenStateAerialHit.cpp">
      <Filter>Sources\StreetFighter\Characters\RyuKen\RyuKenStates</Filter>
    </ClCompile>
    <ClCompile Include="ParticleAttack.cpp">
      <Filter>Sources\StreetFighter\Particles</Filter>
    </ClCompile>
    <ClCompile Include="RyuKenStateShoruyken.cpp">
      <Filter>Sources\StreetFighter\Characters\RyuKen\RyuKenStates</Filter>
    </ClCompile>
    <ClCompile Include="RyuKenStateKyaku.cpp">
      <Filter>Sources\StreetFighter\Characters\RyuKen\RyuKenStates</Filter>
    </ClCompile>
    <ClCompile Include="RyuKenStateHadoken.cpp">
      <Filter>Sources\StreetFighter\Characters\RyuKen\RyuKenStates</Filter>
    </ClCompile>
    <ClCompile Include="ParticleStunned.cpp">
      <Filter>Sources\StreetFighter\Particles</Filter>
    </ClCompile>
    <ClCompile Include="RyuKenStateKnockdown.cpp">
      <Filter>Sources\StreetFighter\Characters\RyuKen\RyuKenStates</Filter>
    </ClCompile>
    <ClCompile Include="RyuKenStateFinish.cpp">
      <Filter>Sources\StreetFighter\Characters\RyuKen\RyuKenStates</Filter>
    </ClCompile>
    <ClCompile Include="Scene.cpp">
      <Filter>Sources\Engine\Services\Scene</Filter>
    </ClCompile>
    <ClCompile Include="ServiceSceneManager.cpp">
      <Filter>Sources\Engine\Services\Scene</Filter>
    </ClCompile>
    <ClCompile Include="RyuKenStateStunned.cpp">
      <Filter>Sources\StreetFighter\Characters\RyuKen\RyuKenStates</Filter>
    </ClCompile>
    <ClCompile Include="SceneLicensed.cpp">
      <Filter>Sources\StreetFighter\Scenes\Intro</Filter>
    </ClCompile>
    <ClCompile Include="SceneCapcom.cpp">
      <Filter>Sources\StreetFighter\Scenes\Intro</Filter>
    </ClCompile>
    <ClCompile Include="SceneMainMenu.cpp">
      <Filter>Sources\StreetFighter\Scenes\Intro</Filter>
    </ClCompile>
    <ClCompile Include="Scene2PCharacterSelection.cpp">
      <Filter>Sources\StreetFighter\Scenes\VS</Filter>
    </ClCompile>
    <ClCompile Include="Scene2PHandicapAndStageSelection.cpp">
      <Filter>Sources\StreetFighter\Scenes\VS</Filter>
    </ClCompile>
    <ClCompile Include="Scene2PMatchResult.cpp">
      <Filter>Sources\StreetFighter\Scenes\VS</Filter>
    </ClCompile>
    <ClCompile Include="StageHonda.cpp">
      <Filter>Sources\StreetFighter\Stages\Honda</Filter>
    </ClCompile>
    <ClCompile Include="StageKen.cpp">
      <Filter>Sources\StreetFighter\Stages\Ken</Filter>
    </ClCompile>
    <ClCompile Include="SF2Stats.cpp">
      <Filter>Sources\StreetFighter\Stats</Filter>
    </ClCompile>
    <ClCompile Include="StageGuile.cpp">
      <Filter>Sources\StreetFighter\Stages\Guile</Filter>
    </ClCompile>
    <ClCompile Include="RyuKenStateBackRoll.cpp">
      <Filter>Sources\StreetFighter\Characters\RyuKen\RyuKenStates</Filter>
    </ClCompile>
    <ClCompile Include="RyuKenStateGrabbed.cpp">
      <Filter>Sources\StreetFighter\Characters\RyuKen\RyuKenStates</Filter>
    </ClCompile>
    <ClCompile Include="RyuKenStateShoulderToss.cpp">
      <Filter>Sources\StreetFighter\Characters\RyuKen\RyuKenStates</Filter>
    </ClCompile>
  </ItemGroup>
  <ItemGroup>
    <ResourceCompile Include="StreetFighter2.rc">
      <Filter>Resource Files</Filter>
    </ResourceCompile>
  </ItemGroup>
  <ItemGroup>
    <Image Include="Icon.ico">
      <Filter>Resource Files</Filter>
    </Image>
  </ItemGroup>
</Project>